
Microsoft Visual Studio Solution File, Format Version 12.00
# Visual Studio Version 17
VisualStudioVersion = 17.1.32210.238
MinimumVisualStudioVersion = 10.0.40219.1
Project("{FAE04EC0-301F-11D3-BF4B-00C04F79EFBC}") = "SistemaSalario", "SistemaSalario\SistemaSalario.csproj", "{509DE390-A99C-4A50-813F-EA9C899BF35A}"
EndProject
Project("{2150E333-8FDC-42A3-9474-1A3956D46DE8}") = "vo", "vo", "{E12D9EB0-E0E7-4CBF-BD04-DA32F2875AC3}"
	ProjectSection(SolutionItems) = preProject
		Funcionario.cs = Funcionario.cs
	EndProjectSection
EndProject
Global
	GlobalSection(SolutionConfigurationPlatforms) = preSolution
		Debug|Any CPU = Debug|Any CPU
		Release|Any CPU = Release|Any CPU
	EndGlobalSection
	GlobalSection(ProjectConfigurationPlatforms) = postSolution
		{509DE390-A99C-4A50-813F-EA9C899BF35A}.Debug|Any CPU.ActiveCfg = Debug|Any CPU
		{509DE390-A99C-4A50-813F-EA9C899BF35A}.Debug|Any CPU.Build.0 = Debug|Any CPU
		{509DE390-A99C-4A50-813F-EA9C899BF35A}.Release|Any CPU.ActiveCfg = Release|Any CPU
		{509DE390-A99C-4A50-813F-EA9C899BF35A}.Release|Any CPU.Build.0 = Release|Any CPU
	EndGlobalSection
	GlobalSection(SolutionProperties) = preSolution
		HideSolutionNode = FALSE
	EndGlobalSection
	GlobalSection(ExtensibilityGlobals) = postSolution
		SolutionGuid = {319E483A-33DF-4F6C-B991-D44C85BF8A85}
	EndGlobalSection
EndGlobal
