
Microsoft Visual Studio Solution File, Format Version 12.00
# Visual Studio Version 17
VisualStudioVersion = 17.2.32602.215
MinimumVisualStudioVersion = 10.0.40219.1
Project("{FAE04EC0-301F-11D3-BF4B-00C04F79EFBC}") = "WindowsFormsApp1", "WindowsFormsApp1\WindowsFormsApp1.csproj", "{13D20695-0A87-40F5-9092-B4DC2E7FD13C}"
EndProject
Global
	GlobalSection(SolutionConfigurationPlatforms) = preSolution
		Debug|Any CPU = Debug|Any CPU
		Release|Any CPU = Release|Any CPU
	EndGlobalSection
	GlobalSection(ProjectConfigurationPlatforms) = postSolution
		{13D20695-0A87-40F5-9092-B4DC2E7FD13C}.Debug|Any CPU.ActiveCfg = Debug|Any CPU
		{13D20695-0A87-40F5-9092-B4DC2E7FD13C}.Debug|Any CPU.Build.0 = Debug|Any CPU
		{13D20695-0A87-40F5-9092-B4DC2E7FD13C}.Release|Any CPU.ActiveCfg = Release|Any CPU
		{13D20695-0A87-40F5-9092-B4DC2E7FD13C}.Release|Any CPU.Build.0 = Release|Any CPU
	EndGlobalSection
	GlobalSection(SolutionProperties) = preSolution
		HideSolutionNode = FALSE
	EndGlobalSection
	GlobalSection(ExtensibilityGlobals) = postSolution
		SolutionGuid = {9491311D-1F24-4464-B205-7D8F35D64815}
	EndGlobalSection
EndGlobal
