
Microsoft Visual Studio Solution File, Format Version 12.00
# Visual Studio Version 17
VisualStudioVersion = 17.2.32602.215
MinimumVisualStudioVersion = 10.0.40219.1
Project("{FAE04EC0-301F-11D3-BF4B-00C04F79EFBC}") = "restaurant-admin", "restaurant-admin\restaurant-admin.csproj", "{8A46F671-28DF-4F8A-8FBE-9C25C46CC390}"
EndProject
Global
	GlobalSection(SolutionConfigurationPlatforms) = preSolution
		Debug|Any CPU = Debug|Any CPU
		Release|Any CPU = Release|Any CPU
	EndGlobalSection
	GlobalSection(ProjectConfigurationPlatforms) = postSolution
		{8A46F671-28DF-4F8A-8FBE-9C25C46CC390}.Debug|Any CPU.ActiveCfg = Debug|Any CPU
		{8A46F671-28DF-4F8A-8FBE-9C25C46CC390}.Debug|Any CPU.Build.0 = Debug|Any CPU
		{8A46F671-28DF-4F8A-8FBE-9C25C46CC390}.Release|Any CPU.ActiveCfg = Release|Any CPU
		{8A46F671-28DF-4F8A-8FBE-9C25C46CC390}.Release|Any CPU.Build.0 = Release|Any CPU
	EndGlobalSection
	GlobalSection(SolutionProperties) = preSolution
		HideSolutionNode = FALSE
	EndGlobalSection
	GlobalSection(ExtensibilityGlobals) = postSolution
		SolutionGuid = {8AB280BB-5EC1-4377-ADAB-1BAE9D4A927A}
	EndGlobalSection
EndGlobal
